
Microsoft Visual Studio Solution File, Format Version 12.00
# Visual Studio Version 17
VisualStudioVersion = 17.11.35312.102
MinimumVisualStudioVersion = 10.0.40219.1
Project("{FAE04EC0-301F-11D3-BF4B-00C04F79EFBC}") = "SortBugReproduction", "SortBugReproduction\SortBugReproduction.csproj", "{881ED053-1068-4790-B6DD-6B13AEB88AA6}"
EndProject
Global
	GlobalSection(SolutionConfigurationPlatforms) = preSolution
		Debug|Any CPU = Debug|Any CPU
		Release|Any CPU = Release|Any CPU
	EndGlobalSection
	GlobalSection(ProjectConfigurationPlatforms) = postSolution
		{881ED053-1068-4790-B6DD-6B13AEB88AA6}.Debug|Any CPU.ActiveCfg = Debug|Any CPU
		{881ED053-1068-4790-B6DD-6B13AEB88AA6}.Debug|Any CPU.Build.0 = Debug|Any CPU
		{881ED053-1068-4790-B6DD-6B13AEB88AA6}.Release|Any CPU.ActiveCfg = Release|Any CPU
		{881ED053-1068-4790-B6DD-6B13AEB88AA6}.Release|Any CPU.Build.0 = Release|Any CPU
	EndGlobalSection
	GlobalSection(SolutionProperties) = preSolution
		HideSolutionNode = FALSE
	EndGlobalSection
	GlobalSection(ExtensibilityGlobals) = postSolution
		SolutionGuid = {6B745141-933E-483A-8F91-E6733A3E92B0}
	EndGlobalSection
EndGlobal
